
Microsoft Visual Studio Solution File, Format Version 12.00
# Visual Studio Version 16
VisualStudioVersion = 16.0.31410.357
MinimumVisualStudioVersion = 10.0.40219.1
Project("{FAE04EC0-301F-11D3-BF4B-00C04F79EFBC}") = "Asp.net", "Asp.net\Asp.net.csproj", "{89898684-6CBE-4556-B81F-1E025D972B2D}"
EndProject
Global
	GlobalSection(SolutionConfigurationPlatforms) = preSolution
		Debug|Any CPU = Debug|Any CPU
		Release|Any CPU = Release|Any CPU
	EndGlobalSection
	GlobalSection(ProjectConfigurationPlatforms) = postSolution
		{89898684-6CBE-4556-B81F-1E025D972B2D}.Debug|Any CPU.ActiveCfg = Debug|Any CPU
		{89898684-6CBE-4556-B81F-1E025D972B2D}.Debug|Any CPU.Build.0 = Debug|Any CPU
		{89898684-6CBE-4556-B81F-1E025D972B2D}.Release|Any CPU.ActiveCfg = Release|Any CPU
		{89898684-6CBE-4556-B81F-1E025D972B2D}.Release|Any CPU.Build.0 = Release|Any CPU
	EndGlobalSection
	GlobalSection(SolutionProperties) = preSolution
		HideSolutionNode = FALSE
	EndGlobalSection
	GlobalSection(ExtensibilityGlobals) = postSolution
		SolutionGuid = {246B0818-5D3D-4B85-B48F-47092C56FD3D}
	EndGlobalSection
EndGlobal
